Microsoft Visual Studio Solution File, Format Version 11.00
# Visual Studio 2010
Project("{2150E333-8FDC-42A3-9474-1A3956D46DE8}") = "Solution Items", "Solution Items", "{0691ABF2-B3C7-43BF-9862-2D8D1299CE58}"
	ProjectSection(SolutionItems) = preProject
		..\Cgol.build = ..\Cgol.build
		..\go.bat = ..\go.bat
	EndProjectSection
EndProject
Project("{FAE04EC0-301F-11D3-BF4B-00C04F79EFBC}") = "Cgol.Core", "Cgol.Core\Cgol.Core.csproj", "{DDB0C935-4F8D-4ABC-8A30-AA97BF6ABD29}"
EndProject
Project("{FAE04EC0-301F-11D3-BF4B-00C04F79EFBC}") = "Cgol.Tests", "Cgol.Tests\Cgol.Tests.csproj", "{7ED049B6-726D-4C0E-9343-69F1D94F1C13}"
EndProject
Project("{FAE04EC0-301F-11D3-BF4B-00C04F79EFBC}") = "CGol.App", "CGol.App\CGol.App.csproj", "{AB5453F7-1FB1-4690-ADE8-3852EB02256E}"
EndProject
Global
	GlobalSection(SolutionConfigurationPlatforms) = preSolution
		AutomatedDebug|Any CPU = AutomatedDebug|Any CPU
		AutomatedDebug|Mixed Platforms = AutomatedDebug|Mixed Platforms
		AutomatedDebug|x86 = AutomatedDebug|x86
		Debug|Any CPU = Debug|Any CPU
		Debug|Mixed Platforms = Debug|Mixed Platforms
		Debug|x86 = Debug|x86
		Release|Any CPU = Release|Any CPU
		Release|Mixed Platforms = Release|Mixed Platforms
		Release|x86 = Release|x86
	EndGlobalSection
	GlobalSection(ProjectConfigurationPlatforms) = postSolution
		{DDB0C935-4F8D-4ABC-8A30-AA97BF6ABD29}.AutomatedDebug|Any CPU.ActiveCfg = AutomatedDebug|Any CPU
		{DDB0C935-4F8D-4ABC-8A30-AA97BF6ABD29}.AutomatedDebug|Any CPU.Build.0 = AutomatedDebug|Any CPU
		{DDB0C935-4F8D-4ABC-8A30-AA97BF6ABD29}.AutomatedDebug|Mixed Platforms.ActiveCfg = AutomatedDebug|Any CPU
		{DDB0C935-4F8D-4ABC-8A30-AA97BF6ABD29}.AutomatedDebug|Mixed Platforms.Build.0 = AutomatedDebug|Any CPU
		{DDB0C935-4F8D-4ABC-8A30-AA97BF6ABD29}.AutomatedDebug|x86.ActiveCfg = AutomatedDebug|Any CPU
		{DDB0C935-4F8D-4ABC-8A30-AA97BF6ABD29}.Debug|Any CPU.ActiveCfg = Debug|Any CPU
		{DDB0C935-4F8D-4ABC-8A30-AA97BF6ABD29}.Debug|Any CPU.Build.0 = Debug|Any CPU
		{DDB0C935-4F8D-4ABC-8A30-AA97BF6ABD29}.Debug|Mixed Platforms.ActiveCfg = Debug|Any CPU
		{DDB0C935-4F8D-4ABC-8A30-AA97BF6ABD29}.Debug|Mixed Platforms.Build.0 = Debug|Any CPU
		{DDB0C935-4F8D-4ABC-8A30-AA97BF6ABD29}.Debug|x86.ActiveCfg = Debug|Any CPU
		{DDB0C935-4F8D-4ABC-8A30-AA97BF6ABD29}.Release|Any CPU.ActiveCfg = Release|Any CPU
		{DDB0C935-4F8D-4ABC-8A30-AA97BF6ABD29}.Release|Any CPU.Build.0 = Release|Any CPU	
		{DDB0C935-4F8D-4ABC-8A30-AA97BF6ABD29}.Release|Mixed Platforms.ActiveCfg = Release|Any CPU	
		{DDB0C935-4F8D-4ABC-8A30-AA97BF6ABD29}.Release|Mixed Platforms.Build.0 = Release|Any CPU	
		{DDB0C935-4F8D-4ABC-8A30-AA97BF6ABD29}.Release|x86.ActiveCfg = Release|Any CPU	
		{7ED049B6-726D-4C0E-9343-69F1D94F1C13}.AutomatedDebug|Any CPU.ActiveCfg = AutomatedDebug|Any CPU
		{7ED049B6-726D-4C0E-9343-69F1D94F1C13}.AutomatedDebug|Any CPU.Build.0 = AutomatedDebug|Any CPU
		{7ED049B6-726D-4C0E-9343-69F1D94F1C13}.AutomatedDebug|Mixed Platforms.ActiveCfg = AutomatedDebug|Any CPU
		{7ED049B6-726D-4C0E-9343-69F1D94F1C13}.AutomatedDebug|Mixed Platforms.Build.0 = AutomatedDebug|Any CPU
		{7ED049B6-726D-4C0E-9343-69F1D94F1C13}.AutomatedDebug|x86.ActiveCfg = AutomatedDebug|Any CPU
		{7ED049B6-726D-4C0E-9343-69F1D94F1C13}.Debug|Any CPU.ActiveCfg = Debug|Any CPU
		{7ED049B6-726D-4C0E-9343-69F1D94F1C13}.Debug|Any CPU.Build.0 = Debug|Any CPU
		{7ED049B6-726D-4C0E-9343-69F1D94F1C13}.Debug|Mixed Platforms.ActiveCfg = Debug|Any CPU
		{7ED049B6-726D-4C0E-9343-69F1D94F1C13}.Debug|Mixed Platforms.Build.0 = Debug|Any CPU
		{7ED049B6-726D-4C0E-9343-69F1D94F1C13}.Debug|x86.ActiveCfg = Debug|Any CPU
		{7ED049B6-726D-4C0E-9343-69F1D94F1C13}.Release|Any CPU.ActiveCfg = Release|Any CPU
		{7ED049B6-726D-4C0E-9343-69F1D94F1C13}.Release|Any CPU.Build.0 = Release|Any CPU
		{7ED049B6-726D-4C0E-9343-69F1D94F1C13}.Release|Mixed Platforms.ActiveCfg = Release|Any CPU
		{7ED049B6-726D-4C0E-9343-69F1D94F1C13}.Release|Mixed Platforms.Build.0 = Release|Any CPU
		{7ED049B6-726D-4C0E-9343-69F1D94F1C13}.Release|x86.ActiveCfg = Release|Any CPU
		{AB5453F7-1FB1-4690-ADE8-3852EB02256E}.AutomatedDebug|Any CPU.ActiveCfg = Debug|x86
		{AB5453F7-1FB1-4690-ADE8-3852EB02256E}.AutomatedDebug|Mixed Platforms.ActiveCfg = Debug|x86
		{AB5453F7-1FB1-4690-ADE8-3852EB02256E}.AutomatedDebug|Mixed Platforms.Build.0 = Debug|x86
		{AB5453F7-1FB1-4690-ADE8-3852EB02256E}.AutomatedDebug|x86.ActiveCfg = Debug|x86
		{AB5453F7-1FB1-4690-ADE8-3852EB02256E}.AutomatedDebug|x86.Build.0 = Debug|x86
		{AB5453F7-1FB1-4690-ADE8-3852EB02256E}.Debug|Any CPU.ActiveCfg = Debug|x86
		{AB5453F7-1FB1-4690-ADE8-3852EB02256E}.Debug|Mixed Platforms.ActiveCfg = Debug|x86
		{AB5453F7-1FB1-4690-ADE8-3852EB02256E}.Debug|Mixed Platforms.Build.0 = Debug|x86
		{AB5453F7-1FB1-4690-ADE8-3852EB02256E}.Debug|x86.ActiveCfg = Debug|x86
		{AB5453F7-1FB1-4690-ADE8-3852EB02256E}.Debug|x86.Build.0 = Debug|x86
		{AB5453F7-1FB1-4690-ADE8-3852EB02256E}.Release|Any CPU.ActiveCfg = Release|x86
		{AB5453F7-1FB1-4690-ADE8-3852EB02256E}.Release|Mixed Platforms.ActiveCfg = Release|x86
		{AB5453F7-1FB1-4690-ADE8-3852EB02256E}.Release|Mixed Platforms.Build.0 = Release|x86
		{AB5453F7-1FB1-4690-ADE8-3852EB02256E}.Release|x86.ActiveCfg = Release|x86
		{AB5453F7-1FB1-4690-ADE8-3852EB02256E}.Release|x86.Build.0 = Release|x86
	EndGlobalSection
	GlobalSection(SolutionProperties) = preSolution
		HideSolutionNode = FALSE
	EndGlobalSection
EndGlobal
